
Microsoft Visual Studio Solution File, Format Version 12.00
# Visual Studio 15
VisualStudioVersion = 15.0.28010.2050
MinimumVisualStudioVersion = 10.0.40219.1
Project("{FAE04EC0-301F-11D3-BF4B-00C04F79EFBC}") = "Serial Assistant", "Serial Assistant\Serial Assistant.csproj", "{5A71AF43-A07F-46F7-B221-00EF6FE52604}"
EndProject
Global
	GlobalSection(SolutionConfigurationPlatforms) = preSolution
		Debug|Any CPU = Debug|Any CPU
		Release|Any CPU = Release|Any CPU
	EndGlobalSection
	GlobalSection(ProjectConfigurationPlatforms) = postSolution
		{5A71AF43-A07F-46F7-B221-00EF6FE52604}.Debug|Any CPU.ActiveCfg = Debug|Any CPU
		{5A71AF43-A07F-46F7-B221-00EF6FE52604}.Debug|Any CPU.Build.0 = Debug|Any CPU
		{5A71AF43-A07F-46F7-B221-00EF6FE52604}.Release|Any CPU.ActiveCfg = Release|Any CPU
		{5A71AF43-A07F-46F7-B221-00EF6FE52604}.Release|Any CPU.Build.0 = Release|Any CPU
	EndGlobalSection
	GlobalSection(SolutionProperties) = preSolution
		HideSolutionNode = FALSE
	EndGlobalSection
	GlobalSection(ExtensibilityGlobals) = postSolution
		SolutionGuid = {BD75C90B-6851-4390-AC62-4EB3E2623BC4}
	EndGlobalSection
EndGlobal
